{
  "name": "@agoric/tape-xs",
  "version": "0.1.0",
  "lockfileVersion": 1,
  "requires": true,
  "dependencies": {
    "@babel/parser": {
      "version": "7.7.7",
      "resolved": "https://registry.npmjs.org/@babel/parser/-/parser-7.7.7.tgz",
      "integrity": "sha512-WtTZMZAZLbeymhkd/sEaPD8IQyGAhmuTuvTzLiCFM7iXiVdY0gc0IaI+cW0fh1BnSMbJSzXX6/fHllgHKwHhXw==",
      "dev": true
    },
    "app-module-path": {
      "version": "2.2.0",
      "resolved": "https://registry.npmjs.org/app-module-path/-/app-module-path-2.2.0.tgz",
      "integrity": "sha1-ZBqlXft9am8KgUHEucCqULbCTdU=",
      "dev": true
    },
    "ast-module-types": {
      "version": "2.6.0",
      "resolved": "https://registry.npmjs.org/ast-module-types/-/ast-module-types-2.6.0.tgz",
      "integrity": "sha512-zXSoVaMrf2R+r+ISid5/9a8SXm1LLdkhHzh6pSRhj9jklzruOOl1hva1YmFT33wAstg/f9ZndJAlq1BSrFLSGA==",
      "dev": true
    },
    "commander": {
      "version": "2.20.3",
      "resolved": "https://registry.npmjs.org/commander/-/commander-2.20.3.tgz",
      "integrity": "sha512-GpVkmM8vF2vQUkj2LvZmD35JxeJOLCwJ9cUkugyk2nuhbv3+mJvpLYYt+0+USMxE+oj+ey/lJEnhZw75x/OMcQ==",
      "dev": true
    },
    "core-util-is": {
      "version": "1.0.2",
      "resolved": "https://registry.npmjs.org/core-util-is/-/core-util-is-1.0.2.tgz",
      "integrity": "sha1-tf1UIgqivFq1eqtxQMlAdUUDwac=",
      "dev": true
    },
    "debug": {
      "version": "4.1.1",
      "resolved": "https://registry.npmjs.org/debug/-/debug-4.1.1.tgz",
      "integrity": "sha512-pYAIzeRo8J6KPEaJ0VWOh5Pzkbw/RetuzehGM7QRRX5he4fPHx2rdKMB256ehJCkX+XRQm16eZLqLNS8RSZXZw==",
      "dev": true,
      "requires": {
        "ms": "^2.1.1"
      }
    },
    "decomment": {
      "version": "0.9.2",
      "resolved": "https://registry.npmjs.org/decomment/-/decomment-0.9.2.tgz",
      "integrity": "sha512-sblyUmOJZxiL7oJ2ogJS6jtl/67+CTOW87SrYE/96u3PhDYikYoLCdLzcnceToiQejOLlqNnLCkaxx/+nE/ehg==",
      "dev": true,
      "requires": {
        "esprima": "4.0.1"
      }
    },
    "detective-es6": {
      "version": "2.1.0",
      "resolved": "https://registry.npmjs.org/detective-es6/-/detective-es6-2.1.0.tgz",
      "integrity": "sha512-QSHqKGOp/YBIfmIqKXaXeq2rlL+bp3bcIQMfZ+0PvKzRlELSOSZxKRvpxVcxlLuocQv4QnOfuWGniGrmPbz8MQ==",
      "dev": true,
      "requires": {
        "node-source-walk": "^4.0.0"
      }
    },
    "enhanced-resolve": {
      "version": "4.1.1",
      "resolved": "https://registry.npmjs.org/enhanced-resolve/-/enhanced-resolve-4.1.1.tgz",
      "integrity": "sha512-98p2zE+rL7/g/DzMHMTF4zZlCgeVdJ7yr6xzEpJRYwFYrGi9ANdn5DnJURg6RpBkyk60XYDnWIv51VfIhfNGuA==",
      "dev": true,
      "requires": {
        "graceful-fs": "^4.1.2",
        "memory-fs": "^0.5.0",
        "tapable": "^1.0.0"
      }
    },
    "errno": {
      "version": "0.1.7",
      "resolved": "https://registry.npmjs.org/errno/-/errno-0.1.7.tgz",
      "integrity": "sha512-MfrRBDWzIWifgq6tJj60gkAwtLNb6sQPlcFrSOflcP1aFmmruKQ2wRnze/8V6kgyz7H3FF8Npzv78mZ7XLLflg==",
      "dev": true,
      "requires": {
        "prr": "~1.0.1"
      }
    },
    "esm": {
      "version": "3.2.25",
      "resolved": "https://registry.npmjs.org/esm/-/esm-3.2.25.tgz",
      "integrity": "sha512-U1suiZ2oDVWv4zPO56S0NcR5QriEahGtdN2OR6FiOG4WJvcjBVFB0qI4+eKoWFH483PKGuLuu6V8Z4T5g63UVA==",
      "dev": true
    },
    "esprima": {
      "version": "4.0.1",
      "resolved": "https://registry.npmjs.org/esprima/-/esprima-4.0.1.tgz",
      "integrity": "sha512-eGuFFw7Upda+g4p+QHvnW0RyTX/SVeJBDM/gCtMARO0cLuT2HcEKnTPvhjV6aGeqrCB/sbNop0Kszm0jsaWU4A==",
      "dev": true
    },
    "file-exists-dazinatorfork": {
      "version": "1.0.2",
      "resolved": "https://registry.npmjs.org/file-exists-dazinatorfork/-/file-exists-dazinatorfork-1.0.2.tgz",
      "integrity": "sha512-r70c72ln2YHzQINNfxDp02hAhbGkt1HffZ+Du8oetWDLjDtFja/Lm10lUaSh9e+wD+7VDvPee0b0C9SAy8pWZg==",
      "dev": true
    },
    "filing-cabinet": {
      "version": "2.5.1",
      "resolved": "https://registry.npmjs.org/filing-cabinet/-/filing-cabinet-2.5.1.tgz",
      "integrity": "sha512-GWOdObzou2L0HrJUk8MpJa01q0ZOwuTwTssM2+P+ABJWEGlVWd6ueEatANFdin94/3rdkVSdqpH14VqCNqp3RA==",
      "dev": true,
      "requires": {
        "app-module-path": "^2.2.0",
        "commander": "^2.13.0",
        "debug": "^4.1.1",
        "decomment": "^0.9.2",
        "enhanced-resolve": "^4.1.0",
        "is-relative-path": "^1.0.2",
        "module-definition": "^3.0.0",
        "module-lookup-amd": "^6.1.0",
        "resolve": "^1.11.1",
        "resolve-dependency-path": "^2.0.0",
        "sass-lookup": "^3.0.0",
        "stylus-lookup": "^3.0.1",
        "typescript": "^3.0.3"
      }
    },
    "find": {
      "version": "0.3.0",
      "resolved": "https://registry.npmjs.org/find/-/find-0.3.0.tgz",
      "integrity": "sha512-iSd+O4OEYV/I36Zl8MdYJO0xD82wH528SaCieTVHhclgiYNe9y+yPKSwK+A7/WsmHL1EZ+pYUJBXWTL5qofksw==",
      "dev": true,
      "requires": {
        "traverse-chain": "~0.1.0"
      }
    },
    "get-own-enumerable-property-symbols": {
      "version": "3.0.2",
      "resolved": "https://registry.npmjs.org/get-own-enumerable-property-symbols/-/get-own-enumerable-property-symbols-3.0.2.tgz",
      "integrity": "sha512-I0UBV/XOz1XkIJHEUDMZAbzCThU/H8DxmSfmdGcKPnVhu2VfFqr34jr9777IyaTYvxjedWhqVIilEDsCdP5G6g==",
      "dev": true
    },
    "graceful-fs": {
      "version": "4.2.3",
      "resolved": "https://registry.npmjs.org/graceful-fs/-/graceful-fs-4.2.3.tgz",
      "integrity": "sha512-a30VEBm4PEdx1dRB7MFK7BejejvCvBronbLjht+sHuGYj8PHs7M/5Z+rt5lw551vZ7yfTCj4Vuyy3mSJytDWRQ==",
      "dev": true
    },
    "inherits": {
      "version": "2.0.4",
      "resolved": "https://registry.npmjs.org/inherits/-/inherits-2.0.4.tgz",
      "integrity": "sha512-k/vGaX4/Yla3WzyMCvTQOXYeIHvqOKtnqBduzTHpzpQZzAskKMhZ2K+EnBiSM9zGSoIFeMpXKxa4dYeZIQqewQ==",
      "dev": true
    },
    "is-obj": {
      "version": "1.0.1",
      "resolved": "https://registry.npmjs.org/is-obj/-/is-obj-1.0.1.tgz",
      "integrity": "sha1-PkcprB9f3gJc19g6iW2rn09n2w8=",
      "dev": true
    },
    "is-regexp": {
      "version": "1.0.0",
      "resolved": "https://registry.npmjs.org/is-regexp/-/is-regexp-1.0.0.tgz",
      "integrity": "sha1-/S2INUXEa6xaYz57mgnof6LLUGk=",
      "dev": true
    },
    "is-relative-path": {
      "version": "1.0.2",
      "resolved": "https://registry.npmjs.org/is-relative-path/-/is-relative-path-1.0.2.tgz",
      "integrity": "sha1-CRtGoNZ8HtD+hfH4z93gBrslHUY=",
      "dev": true
    },
    "isarray": {
      "version": "1.0.0",
      "resolved": "https://registry.npmjs.org/isarray/-/isarray-1.0.0.tgz",
      "integrity": "sha1-u5NdSFgsuhaMBoNJV6VKPgcSTxE=",
      "dev": true
    },
    "make-dir": {
      "version": "2.1.0",
      "resolved": "https://registry.npmjs.org/make-dir/-/make-dir-2.1.0.tgz",
      "integrity": "sha512-LS9X+dc8KLxXCb8dni79fLIIUA5VyZoyjSMCwTluaXA0o27cCK0bhXkpgw+sTXVpPy/lSO57ilRixqk0vDmtRA==",
      "dev": true,
      "requires": {
        "pify": "^4.0.1",
        "semver": "^5.6.0"
      }
    },
    "memory-fs": {
      "version": "0.5.0",
      "resolved": "https://registry.npmjs.org/memory-fs/-/memory-fs-0.5.0.tgz",
      "integrity": "sha512-jA0rdU5KoQMC0e6ppoNRtpp6vjFq6+NY7r8hywnC7V+1Xj/MtHwGIbB1QaK/dunyjWteJzmkpd7ooeWg10T7GA==",
      "dev": true,
      "requires": {
        "errno": "^0.1.3",
        "readable-stream": "^2.0.1"
      }
    },
    "module-definition": {
      "version": "3.3.0",
      "resolved": "https://registry.npmjs.org/module-definition/-/module-definition-3.3.0.tgz",
      "integrity": "sha512-HTplA9xwDzH67XJFC1YvZMUElWJD28DV0dUq7lhTs+JKJamUOWA/CcYWSlhW5amJO66uWtY7XdltT+LfX0wIVg==",
      "dev": true,
      "requires": {
        "ast-module-types": "^2.6.0",
        "node-source-walk": "^4.0.0"
      }
    },
    "module-lookup-amd": {
      "version": "6.2.0",
      "resolved": "https://registry.npmjs.org/module-lookup-amd/-/module-lookup-amd-6.2.0.tgz",
      "integrity": "sha512-uxHCj5Pw9psZiC1znjU2qPsubt6haCSsN9m7xmIdoTciEgfxUkE1vhtDvjHPuOXEZrVJhjKgkmkP+w73rRuelQ==",
      "dev": true,
      "requires": {
        "commander": "^2.8.1",
        "debug": "^4.1.0",
        "file-exists-dazinatorfork": "^1.0.2",
        "find": "^0.3.0",
        "requirejs": "^2.3.5",
        "requirejs-config-file": "^3.1.1"
      }
    },
    "ms": {
      "version": "2.1.2",
      "resolved": "https://registry.npmjs.org/ms/-/ms-2.1.2.tgz",
      "integrity": "sha512-sGkPx+VjMtmA6MX27oA4FBFELFCZZ4S4XqeGOXCv68tT+jb3vk/RyaKWP0PTKyWtmLSM0b+adUTEvbs1PEaH2w==",
      "dev": true
    },
    "node-source-walk": {
      "version": "4.2.0",
      "resolved": "https://registry.npmjs.org/node-source-walk/-/node-source-walk-4.2.0.tgz",
      "integrity": "sha512-hPs/QMe6zS94f5+jG3kk9E7TNm4P2SulrKiLWMzKszBfNZvL/V6wseHlTd7IvfW0NZWqPtK3+9yYNr+3USGteA==",
      "dev": true,
      "requires": {
        "@babel/parser": "^7.0.0"
      }
    },
    "path-parse": {
      "version": "1.0.6",
      "resolved": "https://registry.npmjs.org/path-parse/-/path-parse-1.0.6.tgz",
      "integrity": "sha512-GSmOT2EbHrINBf9SR7CDELwlJ8AENk3Qn7OikK4nFYAu3Ote2+JYNVvkpAEQm3/TLNEJFD/xZJjzyxg3KBWOzw==",
      "dev": true
    },
    "pify": {
      "version": "4.0.1",
      "resolved": "https://registry.npmjs.org/pify/-/pify-4.0.1.tgz",
      "integrity": "sha512-uB80kBFb/tfd68bVleG9T5GGsGPjJrLAUpR5PZIrhBnIaRTQRjqdJSsIKkOP6OAIFbj7GOrcudc5pNjZ+geV2g==",
      "dev": true
    },
    "process-nextick-args": {
      "version": "2.0.1",
      "resolved": "https://registry.npmjs.org/process-nextick-args/-/process-nextick-args-2.0.1.tgz",
      "integrity": "sha512-3ouUOpQhtgrbOa17J7+uxOTpITYWaGP7/AhoR3+A+/1e9skrzelGi/dXzEYyvbxubEF6Wn2ypscTKiKJFFn1ag==",
      "dev": true
    },
    "prr": {
      "version": "1.0.1",
      "resolved": "https://registry.npmjs.org/prr/-/prr-1.0.1.tgz",
      "integrity": "sha1-0/wRS6BplaRexok/SEzrHXj19HY=",
      "dev": true
    },
    "readable-stream": {
      "version": "2.3.6",
      "resolved": "https://registry.npmjs.org/readable-stream/-/readable-stream-2.3.6.tgz",
      "integrity": "sha512-tQtKA9WIAhBF3+VLAseyMqZeBjW0AHJoxOtYqSUZNJxauErmLbVm2FW1y+J/YA9dUrAC39ITejlZWhVIwawkKw==",
      "dev": true,
      "requires": {
        "core-util-is": "~1.0.0",
        "inherits": "~2.0.3",
        "isarray": "~1.0.0",
        "process-nextick-args": "~2.0.0",
        "safe-buffer": "~5.1.1",
        "string_decoder": "~1.1.1",
        "util-deprecate": "~1.0.1"
      }
    },
    "requirejs": {
      "version": "2.3.6",
      "resolved": "https://registry.npmjs.org/requirejs/-/requirejs-2.3.6.tgz",
      "integrity": "sha512-ipEzlWQe6RK3jkzikgCupiTbTvm4S0/CAU5GlgptkN5SO6F3u0UD0K18wy6ErDqiCyP4J4YYe1HuAShvsxePLg==",
      "dev": true
    },
    "requirejs-config-file": {
      "version": "3.1.2",
      "resolved": "https://registry.npmjs.org/requirejs-config-file/-/requirejs-config-file-3.1.2.tgz",
      "integrity": "sha512-sdLWywcDuNz7EIOhenSbRfT4YF84nItDv90coN2htbokjmU2QeyQuSBZILQUKNksepl8UPVU+hgYySFaDxbJPQ==",
      "dev": true,
      "requires": {
        "esprima": "^4.0.0",
        "make-dir": "^2.1.0",
        "stringify-object": "^3.2.1"
      }
    },
    "resolve": {
      "version": "1.14.1",
      "resolved": "https://registry.npmjs.org/resolve/-/resolve-1.14.1.tgz",
      "integrity": "sha512-fn5Wobh4cxbLzuHaE+nphztHy43/b++4M6SsGFC2gB8uYwf0C8LcarfCz1un7UTW8OFQg9iNjZ4xpcFVGebDPg==",
      "dev": true,
      "requires": {
        "path-parse": "^1.0.6"
      }
    },
    "resolve-dependency-path": {
      "version": "2.0.0",
      "resolved": "https://registry.npmjs.org/resolve-dependency-path/-/resolve-dependency-path-2.0.0.tgz",
      "integrity": "sha512-DIgu+0Dv+6v2XwRaNWnumKu7GPufBBOr5I1gRPJHkvghrfCGOooJODFvgFimX/KRxk9j0whD2MnKHzM1jYvk9w==",
      "dev": true
    },
    "safe-buffer": {
      "version": "5.1.2",
      "resolved": "https://registry.npmjs.org/safe-buffer/-/safe-buffer-5.1.2.tgz",
      "integrity": "sha512-Gd2UZBJDkXlY7GbJxfsE8/nvKkUEU1G38c1siN6QP6a9PT9MmHB8GnpscSmMJSoF8LOIrt8ud/wPtojys4G6+g==",
      "dev": true
    },
    "sass-lookup": {
      "version": "3.0.0",
      "resolved": "https://registry.npmjs.org/sass-lookup/-/sass-lookup-3.0.0.tgz",
      "integrity": "sha512-TTsus8CfFRn1N44bvdEai1no6PqdmDiQUiqW5DlpmtT+tYnIt1tXtDIph5KA1efC+LmioJXSnCtUVpcK9gaKIg==",
      "dev": true,
      "requires": {
        "commander": "^2.16.0"
      }
    },
    "semver": {
      "version": "5.7.1",
      "resolved": "https://registry.npmjs.org/semver/-/semver-5.7.1.tgz",
      "integrity": "sha512-sauaDf/PZdVgrLTNYHRtpXa1iRiKcaebiKQ1BJdpQlWH2lCvexQdX55snPFyK7QzpudqbCI0qXFfOasHdyNDGQ==",
      "dev": true
    },
    "string_decoder": {
      "version": "1.1.1",
      "resolved": "https://registry.npmjs.org/string_decoder/-/string_decoder-1.1.1.tgz",
      "integrity": "sha512-n/ShnvDi6FHbbVfviro+WojiFzv+s8MPMHBczVePfUpDJLwoLT0ht1l4YwBCbi8pJAveEEdnkHyPyTP/mzRfwg==",
      "dev": true,
      "requires": {
        "safe-buffer": "~5.1.0"
      }
    },
    "stringify-object": {
      "version": "3.3.0",
      "resolved": "https://registry.npmjs.org/stringify-object/-/stringify-object-3.3.0.tgz",
      "integrity": "sha512-rHqiFh1elqCQ9WPLIC8I0Q/g/wj5J1eMkyoiD6eoQApWHP0FtlK7rqnhmabL5VUY9JQCcqwwvlOaSuutekgyrw==",
      "dev": true,
      "requires": {
        "get-own-enumerable-property-symbols": "^3.0.0",
        "is-obj": "^1.0.1",
        "is-regexp": "^1.0.0"
      }
    },
    "stylus-lookup": {
      "version": "3.0.2",
      "resolved": "https://registry.npmjs.org/stylus-lookup/-/stylus-lookup-3.0.2.tgz",
      "integrity": "sha512-oEQGHSjg/AMaWlKe7gqsnYzan8DLcGIHe0dUaFkucZZ14z4zjENRlQMCHT4FNsiWnJf17YN9OvrCfCoi7VvOyg==",
      "dev": true,
      "requires": {
        "commander": "^2.8.1",
        "debug": "^4.1.0"
      }
    },
    "tapable": {
      "version": "1.1.3",
      "resolved": "https://registry.npmjs.org/tapable/-/tapable-1.1.3.tgz",
      "integrity": "sha512-4WK/bYZmj8xLr+HUCODHGF1ZFzsYffasLUgEiMBY4fgtltdO6B4WJtlSbPaDTLpYTcGVwM2qLnFTICEcNxs3kA==",
      "dev": true
    },
    "traverse-chain": {
      "version": "0.1.0",
      "resolved": "https://registry.npmjs.org/traverse-chain/-/traverse-chain-0.1.0.tgz",
      "integrity": "sha1-YdvC1Ttp/2CRoSoWj9fUMxB+QPE=",
      "dev": true
    },
    "typescript": {
      "version": "3.7.4",
      "resolved": "https://registry.npmjs.org/typescript/-/typescript-3.7.4.tgz",
      "integrity": "sha512-A25xv5XCtarLwXpcDNZzCGvW2D1S3/bACratYBx2sax8PefsFhlYmkQicKHvpYflFS8if4zne5zT5kpJ7pzuvw==",
      "dev": true
    },
    "util-deprecate": {
      "version": "1.0.2",
      "resolved": "https://registry.npmjs.org/util-deprecate/-/util-deprecate-1.0.2.tgz",
      "integrity": "sha1-RQ1Nyfpw3nMnYvvS1KKJgUGaDM8=",
      "dev": true
    }
  }
}
